
Microsoft Visual Studio Solution File, Format Version 12.00
# Visual Studio Version 16
VisualStudioVersion = 16.0.30611.23
MinimumVisualStudioVersion = 10.0.40219.1
Project("{FAE04EC0-301F-11D3-BF4B-00C04F79EFBC}") = "CountSummApp", "CountSummApp\CountSummApp.csproj", "{C07D6803-DDEB-4F5C-B951-E8638E33A448}"
EndProject
Project("{FAE04EC0-301F-11D3-BF4B-00C04F79EFBC}") = "CountSummLib", "CountSummLib\CountSummLib.csproj", "{856949C3-D011-472B-9E66-410DB950DC32}"
EndProject
Global
	GlobalSection(SolutionConfigurationPlatforms) = preSolution
		Debug|Any CPU = Debug|Any CPU
		Release|Any CPU = Release|Any CPU
	EndGlobalSection
	GlobalSection(ProjectConfigurationPlatforms) = postSolution
		{C07D6803-DDEB-4F5C-B951-E8638E33A448}.Debug|Any CPU.ActiveCfg = Debug|Any CPU
		{C07D6803-DDEB-4F5C-B951-E8638E33A448}.Debug|Any CPU.Build.0 = Debug|Any CPU
		{C07D6803-DDEB-4F5C-B951-E8638E33A448}.Release|Any CPU.ActiveCfg = Release|Any CPU
		{C07D6803-DDEB-4F5C-B951-E8638E33A448}.Release|Any CPU.Build.0 = Release|Any CPU
		{856949C3-D011-472B-9E66-410DB950DC32}.Debug|Any CPU.ActiveCfg = Debug|Any CPU
		{856949C3-D011-472B-9E66-410DB950DC32}.Debug|Any CPU.Build.0 = Debug|Any CPU
		{856949C3-D011-472B-9E66-410DB950DC32}.Release|Any CPU.ActiveCfg = Release|Any CPU
		{856949C3-D011-472B-9E66-410DB950DC32}.Release|Any CPU.Build.0 = Release|Any CPU
	EndGlobalSection
	GlobalSection(SolutionProperties) = preSolution
		HideSolutionNode = FALSE
	EndGlobalSection
	GlobalSection(ExtensibilityGlobals) = postSolution
		SolutionGuid = {D39D6A3B-B13C-4AA8-9FF6-65502FAA6DDD}
	EndGlobalSection
EndGlobal
