
Microsoft Visual Studio Solution File, Format Version 12.00
# Visual Studio Version 16
VisualStudioVersion = 16.0.30611.23
MinimumVisualStudioVersion = 10.0.40219.1
Project("{FAE04EC0-301F-11D3-BF4B-00C04F79EFBC}") = "CountSummApp", "CountSummApp\CountSummApp.csproj", "{C07D6803-DDEB-4F5C-B951-E8638E33A448}"
EndProject
Project("{FAE04EC0-301F-11D3-BF4B-00C04F79EFBC}") = "CountSummLib", "CountSummLib\CountSummLib.csproj", "{856949C3-D011-472B-9E66-410DB950DC32}"
EndProject
Project("{FAE04EC0-301F-11D3-BF4B-00C04F79EFBC}") = "WpfCountSummApp", "WpfCountSummApp\WpfCountSummApp.csproj", "{A617D26F-9990-4EA7-AFE4-58C4E4CCEAE3}"
EndProject
Project("{FAE04EC0-301F-11D3-BF4B-00C04F79EFBC}") = "UnitTestCuontSumm", "UnitTestCuontSumm\UnitTestCuontSumm.csproj", "{312C4114-4AB7-49A8-8848-9B0CAC5831B5}"
EndProject
Project("{FAE04EC0-301F-11D3-BF4B-00C04F79EFBC}") = "Test", "Test\Test.csproj", "{146C59E6-9F2C-41EA-8047-14E79372306E}"
EndProject
Global
	GlobalSection(SolutionConfigurationPlatforms) = preSolution
		Debug|Any CPU = Debug|Any CPU
		Debug|x64 = Debug|x64
		Debug|x86 = Debug|x86
		Release|Any CPU = Release|Any CPU
		Release|x64 = Release|x64
		Release|x86 = Release|x86
	EndGlobalSection
	GlobalSection(ProjectConfigurationPlatforms) = postSolution
		{C07D6803-DDEB-4F5C-B951-E8638E33A448}.Debug|Any CPU.ActiveCfg = Debug|Any CPU
		{C07D6803-DDEB-4F5C-B951-E8638E33A448}.Debug|Any CPU.Build.0 = Debug|Any CPU
		{C07D6803-DDEB-4F5C-B951-E8638E33A448}.Debug|x64.ActiveCfg = Debug|x64
		{C07D6803-DDEB-4F5C-B951-E8638E33A448}.Debug|x64.Build.0 = Debug|x64
		{C07D6803-DDEB-4F5C-B951-E8638E33A448}.Debug|x86.ActiveCfg = Debug|x86
		{C07D6803-DDEB-4F5C-B951-E8638E33A448}.Debug|x86.Build.0 = Debug|x86
		{C07D6803-DDEB-4F5C-B951-E8638E33A448}.Release|Any CPU.ActiveCfg = Release|Any CPU
		{C07D6803-DDEB-4F5C-B951-E8638E33A448}.Release|Any CPU.Build.0 = Release|Any CPU
		{C07D6803-DDEB-4F5C-B951-E8638E33A448}.Release|x64.ActiveCfg = Release|x64
		{C07D6803-DDEB-4F5C-B951-E8638E33A448}.Release|x64.Build.0 = Release|x64
		{C07D6803-DDEB-4F5C-B951-E8638E33A448}.Release|x86.ActiveCfg = Release|x86
		{C07D6803-DDEB-4F5C-B951-E8638E33A448}.Release|x86.Build.0 = Release|x86
		{856949C3-D011-472B-9E66-410DB950DC32}.Debug|Any CPU.ActiveCfg = Debug|Any CPU
		{856949C3-D011-472B-9E66-410DB950DC32}.Debug|Any CPU.Build.0 = Debug|Any CPU
		{856949C3-D011-472B-9E66-410DB950DC32}.Debug|x64.ActiveCfg = Debug|x64
		{856949C3-D011-472B-9E66-410DB950DC32}.Debug|x64.Build.0 = Debug|x64
		{856949C3-D011-472B-9E66-410DB950DC32}.Debug|x86.ActiveCfg = Debug|x86
		{856949C3-D011-472B-9E66-410DB950DC32}.Debug|x86.Build.0 = Debug|x86
		{856949C3-D011-472B-9E66-410DB950DC32}.Release|Any CPU.ActiveCfg = Release|Any CPU
		{856949C3-D011-472B-9E66-410DB950DC32}.Release|Any CPU.Build.0 = Release|Any CPU
		{856949C3-D011-472B-9E66-410DB950DC32}.Release|x64.ActiveCfg = Release|x64
		{856949C3-D011-472B-9E66-410DB950DC32}.Release|x64.Build.0 = Release|x64
		{856949C3-D011-472B-9E66-410DB950DC32}.Release|x86.ActiveCfg = Release|x86
		{856949C3-D011-472B-9E66-410DB950DC32}.Release|x86.Build.0 = Release|x86
		{A617D26F-9990-4EA7-AFE4-58C4E4CCEAE3}.Debug|Any CPU.ActiveCfg = Debug|Any CPU
		{A617D26F-9990-4EA7-AFE4-58C4E4CCEAE3}.Debug|Any CPU.Build.0 = Debug|Any CPU
		{A617D26F-9990-4EA7-AFE4-58C4E4CCEAE3}.Debug|x64.ActiveCfg = Debug|x64
		{A617D26F-9990-4EA7-AFE4-58C4E4CCEAE3}.Debug|x64.Build.0 = Debug|x64
		{A617D26F-9990-4EA7-AFE4-58C4E4CCEAE3}.Debug|x86.ActiveCfg = Debug|x86
		{A617D26F-9990-4EA7-AFE4-58C4E4CCEAE3}.Debug|x86.Build.0 = Debug|x86
		{A617D26F-9990-4EA7-AFE4-58C4E4CCEAE3}.Release|Any CPU.ActiveCfg = Release|Any CPU
		{A617D26F-9990-4EA7-AFE4-58C4E4CCEAE3}.Release|Any CPU.Build.0 = Release|Any CPU
		{A617D26F-9990-4EA7-AFE4-58C4E4CCEAE3}.Release|x64.ActiveCfg = Release|x64
		{A617D26F-9990-4EA7-AFE4-58C4E4CCEAE3}.Release|x64.Build.0 = Release|x64
		{A617D26F-9990-4EA7-AFE4-58C4E4CCEAE3}.Release|x86.ActiveCfg = Release|x86
		{A617D26F-9990-4EA7-AFE4-58C4E4CCEAE3}.Release|x86.Build.0 = Release|x86
		{312C4114-4AB7-49A8-8848-9B0CAC5831B5}.Debug|Any CPU.ActiveCfg = Debug|Any CPU
		{312C4114-4AB7-49A8-8848-9B0CAC5831B5}.Debug|Any CPU.Build.0 = Debug|Any CPU
		{312C4114-4AB7-49A8-8848-9B0CAC5831B5}.Debug|x64.ActiveCfg = Debug|Any CPU
		{312C4114-4AB7-49A8-8848-9B0CAC5831B5}.Debug|x64.Build.0 = Debug|Any CPU
		{312C4114-4AB7-49A8-8848-9B0CAC5831B5}.Debug|x86.ActiveCfg = Debug|Any CPU
		{312C4114-4AB7-49A8-8848-9B0CAC5831B5}.Debug|x86.Build.0 = Debug|Any CPU
		{312C4114-4AB7-49A8-8848-9B0CAC5831B5}.Release|Any CPU.ActiveCfg = Release|Any CPU
		{312C4114-4AB7-49A8-8848-9B0CAC5831B5}.Release|Any CPU.Build.0 = Release|Any CPU
		{312C4114-4AB7-49A8-8848-9B0CAC5831B5}.Release|x64.ActiveCfg = Release|Any CPU
		{312C4114-4AB7-49A8-8848-9B0CAC5831B5}.Release|x64.Build.0 = Release|Any CPU
		{312C4114-4AB7-49A8-8848-9B0CAC5831B5}.Release|x86.ActiveCfg = Release|Any CPU
		{312C4114-4AB7-49A8-8848-9B0CAC5831B5}.Release|x86.Build.0 = Release|Any CPU
		{146C59E6-9F2C-41EA-8047-14E79372306E}.Debug|Any CPU.ActiveCfg = Debug|Any CPU
		{146C59E6-9F2C-41EA-8047-14E79372306E}.Debug|Any CPU.Build.0 = Debug|Any CPU
		{146C59E6-9F2C-41EA-8047-14E79372306E}.Debug|x64.ActiveCfg = Debug|Any CPU
		{146C59E6-9F2C-41EA-8047-14E79372306E}.Debug|x64.Build.0 = Debug|Any CPU
		{146C59E6-9F2C-41EA-8047-14E79372306E}.Debug|x86.ActiveCfg = Debug|Any CPU
		{146C59E6-9F2C-41EA-8047-14E79372306E}.Debug|x86.Build.0 = Debug|Any CPU
		{146C59E6-9F2C-41EA-8047-14E79372306E}.Release|Any CPU.ActiveCfg = Release|Any CPU
		{146C59E6-9F2C-41EA-8047-14E79372306E}.Release|Any CPU.Build.0 = Release|Any CPU
		{146C59E6-9F2C-41EA-8047-14E79372306E}.Release|x64.ActiveCfg = Release|Any CPU
		{146C59E6-9F2C-41EA-8047-14E79372306E}.Release|x64.Build.0 = Release|Any CPU
		{146C59E6-9F2C-41EA-8047-14E79372306E}.Release|x86.ActiveCfg = Release|Any CPU
		{146C59E6-9F2C-41EA-8047-14E79372306E}.Release|x86.Build.0 = Release|Any CPU
	EndGlobalSection
	GlobalSection(SolutionProperties) = preSolution
		HideSolutionNode = FALSE
	EndGlobalSection
	GlobalSection(ExtensibilityGlobals) = postSolution
		SolutionGuid = {D39D6A3B-B13C-4AA8-9FF6-65502FAA6DDD}
	EndGlobalSection
EndGlobal
